# This file is automatically @generated by Cargo.
# It is not intended for manual editing.
version = 3

[[package]]
name = "cc"
version = "1.0.101"
source = "registry+https://github.com/rust-lang/crates.io-index"
checksum = "ac367972e516d45567c7eafc73d24e1c193dcf200a8d94e9db7b3d38b349572d"

[[package]]
name = "cmake"
version = "0.1.50"
source = "registry+https://github.com/rust-lang/crates.io-index"
checksum = "a31c789563b815f77f4250caee12365734369f942439b7defd71e18a48197130"
dependencies = [
 "cc",
]

[[package]]
name = "pkg-config"
version = "0.3.30"
source = "registry+https://github.com/rust-lang/crates.io-index"
checksum = "d231b230927b5e4ad203db57bbcbee2802f6bce620b1e4a9024a07d94e2907ec"

[[package]]
name = "rustal-sys"
version = "0.1.0"
dependencies = [
 "cmake",
 "pkg-config",
]
